
Microsoft Visual Studio Solution File, Format Version 12.00
# Visual Studio Version 17
VisualStudioVersion = 17.9.34714.143
MinimumVisualStudioVersion = 10.0.40219.1
Project("{8BC9CEB8-8B4A-11D0-8D11-00A0C91BC942}") = "ТОИ лаб 6", "ТОИ лаб 6\ТОИ лаб 6.vcxproj", "{85929644-2798-411F-8B04-FAA0DAC6827D}"
EndProject
Global
	GlobalSection(SolutionConfigurationPlatforms) = preSolution
		Debug|x64 = Debug|x64
		Debug|x86 = Debug|x86
		Release|x64 = Release|x64
		Release|x86 = Release|x86
	EndGlobalSection
	GlobalSection(ProjectConfigurationPlatforms) = postSolution
		{85929644-2798-411F-8B04-FAA0DAC6827D}.Debug|x64.ActiveCfg = Debug|x64
		{85929644-2798-411F-8B04-FAA0DAC6827D}.Debug|x64.Build.0 = Debug|x64
		{85929644-2798-411F-8B04-FAA0DAC6827D}.Debug|x86.ActiveCfg = Debug|Win32
		{85929644-2798-411F-8B04-FAA0DAC6827D}.Debug|x86.Build.0 = Debug|Win32
		{85929644-2798-411F-8B04-FAA0DAC6827D}.Release|x64.ActiveCfg = Release|x64
		{85929644-2798-411F-8B04-FAA0DAC6827D}.Release|x64.Build.0 = Release|x64
		{85929644-2798-411F-8B04-FAA0DAC6827D}.Release|x86.ActiveCfg = Release|Win32
		{85929644-2798-411F-8B04-FAA0DAC6827D}.Release|x86.Build.0 = Release|Win32
	EndGlobalSection
	GlobalSection(SolutionProperties) = preSolution
		HideSolutionNode = FALSE
	EndGlobalSection
	GlobalSection(ExtensibilityGlobals) = postSolution
		SolutionGuid = {FAB163EE-6795-4720-97CE-24EE9D079558}
	EndGlobalSection
EndGlobal
